<?xml version="1.0" encoding="utf-8"?>
<Project ToolsVersion="4.0" xmlns="http://schemas.microsoft.com/developer/msbuild/2003">
  <ItemGroup>
    <Filter Include="include">
      <UniqueIdentifier>{93995380-89BD-4b04-88EB-625FBE52EBFB}</UniqueIdentifier>
      <Extensions>h;hh;hpp;hxx;h++;hm;inl;inc;ipp;xsd</Extensions>
    </Filter>
    <Filter Include="src">
      <UniqueIdentifier>{4FC737F1-C7A5-4376-A066-2A32D752A2FF}</UniqueIdentifier>
      <Extensions>cpp;c;cc;cxx;c++;cppm;ixx;def;odl;idl;hpj;bat;asm;asmx</Extensions>
    </Filter>
    <Filter Include="forms">
      <UniqueIdentifier>{67DA6AB6-F800-4c08-8B7A-83BB121AAD01}</UniqueIdentifier>
      <Extensions>rc;ico;cur;bmp;dlg;rc2;rct;bin;rgs;gif;jpg;jpeg;jpe;resx;tiff;tif;png;wav;mfcribbon-ms</Extensions>
    </Filter>
    <Filter Include="resources">
      <UniqueIdentifier>{1367e685-7186-4107-acd6-e93fd9ab3949}</UniqueIdentifier>
    </Filter>
    <Filter Include="include\models">
      <UniqueIdentifier>{1033af2b-cf32-420b-b58e-040439343e76}</UniqueIdentifier>
    </Filter>
    <Filter Include="include\strategies">
      <UniqueIdentifier>{3fe3c339-bcb7-4354-8e1b-3b360feb2d36}</UniqueIdentifier>
    </Filter>
  </ItemGroup>
  <ItemGroup>
    <QtMoc Include="include\LoginWindow.h">
      <Filter>include</Filter>
    </QtMoc>
    <QtMoc Include="include\SignUpWindow.h">
      <Filter>include</Filter>
    </QtMoc>
    <QtMoc Include="include\FeedWindow.h">
      <Filter>include</Filter>
    </QtMoc>
    <QtMoc Include="include\Posts.h">
      <Filter>include</Filter>
    </QtMoc>
    <QtMoc Include="include\Profile.h">
      <Filter>include</Filter>
    </QtMoc>
    <QtMoc Include="include\Messages.h">
      <Filter>include</Filter>
    </QtMoc>
  </ItemGroup>
  <ItemGroup>
    <QtUic Include="forms\LoginWindow.ui">
      <Filter>forms</Filter>
    </QtUic>
    <QtUic Include="forms\SignUpWindow.ui">
      <Filter>forms</Filter>
    </QtUic>
    <QtUic Include="forms\FeedWindow.ui">
      <Filter>forms</Filter>
    </QtUic>
    <QtUic Include="forms\MainFeed.ui">
      <Filter>forms</Filter>
    </QtUic>
    <QtUic Include="forms\Posts.ui">
      <Filter>forms</Filter>
    </QtUic>
    <QtUic Include="forms\Profile.ui">
      <Filter>forms</Filter>
    </QtUic>
    <QtUic Include="forms\Messages.ui">
      <Filter>forms</Filter>
    </QtUic>
  </ItemGroup>
  <ItemGroup>
    <ClCompile Include="src\LoginWindow.cpp">
      <Filter>src</Filter>
    </ClCompile>
    <ClCompile Include="src\main.cpp">
      <Filter>src</Filter>
    </ClCompile>
    <ClCompile Include="src\SignUpWindow.cpp">
      <Filter>src</Filter>
    </ClCompile>
    <ClCompile Include="src\userManager.cpp">
      <Filter>src</Filter>
    </ClCompile>
    <ClCompile Include="src\FeedWindow.cpp">
      <Filter>src</Filter>
    </ClCompile>
    <ClCompile Include="src\Posts.cpp">
      <Filter>src</Filter>
    </ClCompile>
    <ClCompile Include="src\Profile.cpp">
      <Filter>src</Filter>
    </ClCompile>
    <ClCompile Include="src\Messages.cpp">
      <Filter>src</Filter>
    </ClCompile>
  </ItemGroup>
  <ItemGroup>
    <ClInclude Include="include\models\User.h">
      <Filter>include\models</Filter>
    </ClInclude>
    <ClInclude Include="include\userManager.h">
      <Filter>include</Filter>
    </ClInclude>
    <ClInclude Include="include\models\MessageData.h">
      <Filter>include\models</Filter>
    </ClInclude>
    <ClInclude Include="include\models\Post.h">
      <Filter>include\models</Filter>
    </ClInclude>
    <ClInclude Include="include\models\Content.h">
      <Filter>include\models</Filter>
    </ClInclude>
    <ClInclude Include="include\strategies\FeedStrategy.h">
      <Filter>include\strategies</Filter>
    </ClInclude>
    <ClInclude Include="include\strategies\FollowingStrategy.h">
      <Filter>include\strategies</Filter>
    </ClInclude>
    <ClInclude Include="include\strategies\MostLikedStrategy.h">
      <Filter>include\strategies</Filter>
    </ClInclude>
    <ClInclude Include="include\strategies\NewestStrategy.h">
      <Filter>include\strategies</Filter>
    </ClInclude>
  </ItemGroup>
  <ItemGroup>
    <QtRcc Include="resources\Resource.qrc">
      <Filter>resources</Filter>
    </QtRcc>
  </ItemGroup>
  <ItemGroup>
    <None Include="README.md">
      <Filter>resources</Filter>
    </None>
    <None Include="resources\User.json">
      <Filter>resources</Filter>
    </None>
    <None Include="resources\posts.json">
      <Filter>resources</Filter>
    </None>
    <None Include="resources\messages.json">
      <Filter>resources</Filter>
    </None>
  </ItemGroup>
</Project>