<?xml version="1.0" encoding="utf-8"?>
<Project ToolsVersion="4.0" xmlns="http://schemas.microsoft.com/developer/msbuild/2003">
  <ItemGroup>
    <Filter Include="include">
      <UniqueIdentifier>{93995380-89BD-4b04-88EB-625FBE52EBFB}</UniqueIdentifier>
      <Extensions>h;hh;hpp;hxx;h++;hm;inl;inc;ipp;xsd</Extensions>
    </Filter>
    <Filter Include="src">
      <UniqueIdentifier>{4FC737F1-C7A5-4376-A066-2A32D752A2FF}</UniqueIdentifier>
      <Extensions>cpp;c;cc;cxx;c++;cppm;ixx;def;odl;idl;hpj;bat;asm;asmx</Extensions>
    </Filter>
    <Filter Include="forms">
      <UniqueIdentifier>{67DA6AB6-F800-4c08-8B7A-83BB121AAD01}</UniqueIdentifier>
      <Extensions>rc;ico;cur;bmp;dlg;rc2;rct;bin;rgs;gif;jpg;jpeg;jpe;resx;tiff;tif;png;wav;mfcribbon-ms</Extensions>
    </Filter>
    <Filter Include="resources">
      <UniqueIdentifier>{1367e685-7186-4107-acd6-e93fd9ab3949}</UniqueIdentifier>
    </Filter>
  </ItemGroup>
  <ItemGroup>
    <QtMoc Include="include\diagonalPanel.h">
      <Filter>include</Filter>
    </QtMoc>
    <QtMoc Include="include\LoginWindow.h">
      <Filter>include</Filter>
    </QtMoc>
    <QtMoc Include="include\QtWidgetsClass.h">
      <Filter>include</Filter>
    </QtMoc>
  </ItemGroup>
  <ItemGroup>
    <QtUic Include="forms\LoginWindow.ui">
      <Filter>forms</Filter>
    </QtUic>
    <QtUic Include="forms\QtWidgetsClass.ui">
      <Filter>forms</Filter>
    </QtUic>
    <QtUic Include="SignIn.ui">
      <Filter>forms</Filter>
    </QtUic>
  </ItemGroup>
  <ItemGroup>
    <ClCompile Include="src\DiagonalPanel.cpp">
      <Filter>src</Filter>
    </ClCompile>
    <ClCompile Include="src\LoginWindow.cpp">
      <Filter>src</Filter>
    </ClCompile>
    <ClCompile Include="src\main.cpp">
      <Filter>src</Filter>
    </ClCompile>
    <ClCompile Include="src\QtWidgetsClass.cpp">
      <Filter>src</Filter>
    </ClCompile>
    <ClCompile Include="src\SignIn.cpp">
      <Filter>src</Filter>
    </ClCompile>
  </ItemGroup>
  <ItemGroup>
    <ClInclude Include="include\SignIn.h">
      <Filter>include</Filter>
    </ClInclude>
  </ItemGroup>
  <ItemGroup>
    <QtRcc Include="resources\Resource.qrc">
      <Filter>resources</Filter>
    </QtRcc>
  </ItemGroup>
  <ItemGroup>
    <None Include="README.md">
      <Filter>resources</Filter>
    </None>
  </ItemGroup>
</Project>